github.com/mlavergn/gopack v1.0.1 h1:wgettb30Yi+GtThevRSLm6zs4UJJYkkjZdJuDQjb1/Y=
github.com/mlavergn/gopack v1.0.1/go.mod h1:b76THX+qq4vrek0oCxMRgNA06gcFT9qZ5tHsRfIPoNc=
github.com/mlavergn/gopack v1.1.0 h1:0wcAznuoYn4NqfGF18GjPiUQc8A5jIQVaS/edW9NMA4=
github.com/mlavergn/gopack v1.1.0/go.mod h1:b76THX+qq4vrek0oCxMRgNA06gcFT9qZ5tHsRfIPoNc=
